
Microsoft Visual Studio Solution File, Format Version 12.00
# Visual Studio Version 17
VisualStudioVersion = 17.12.35728.132
MinimumVisualStudioVersion = 10.0.40219.1
Project("{FAE04EC0-301F-11D3-BF4B-00C04F79EFBC}") = "Bee.OAuth2", "src\Bee.OAuth2\Bee.OAuth2.csproj", "{2BB23F4B-68CF-417D-97CB-01CB14FC61EC}"
EndProject
Project("{FAE04EC0-301F-11D3-BF4B-00C04F79EFBC}") = "Bee.OAuth2.WinForms", "src\Bee.OAuth2.WinForms\Bee.OAuth2.WinForms.csproj", "{D330B5D2-EC61-413B-8AC2-C1DC83D8F751}"
EndProject
Project("{FAE04EC0-301F-11D3-BF4B-00C04F79EFBC}") = "Bee.OAuth2.AspNet", "src\Bee.OAuth2.AspNet\Bee.OAuth2.AspNet.csproj", "{025EC9BD-0767-4755-8E2A-8D114A884A78}"
EndProject
Project("{2150E333-8FDC-42A3-9474-1A3956D46DE8}") = "src", "src", "{D368F841-FE36-4A7F-BD66-8B655EC29392}"
EndProject
Project("{FAE04EC0-301F-11D3-BF4B-00C04F79EFBC}") = "Bee.OAuth2.Desktop", "src\Bee.OAuth2.Desktop\Bee.OAuth2.Desktop.csproj", "{8F395089-5383-4EC0-A6BB-03540099DD40}"
EndProject
Global
	GlobalSection(SolutionConfigurationPlatforms) = preSolution
		Debug|Any CPU = Debug|Any CPU
		Release|Any CPU = Release|Any CPU
	EndGlobalSection
	GlobalSection(ProjectConfigurationPlatforms) = postSolution
		{2BB23F4B-68CF-417D-97CB-01CB14FC61EC}.Debug|Any CPU.ActiveCfg = Debug|Any CPU
		{2BB23F4B-68CF-417D-97CB-01CB14FC61EC}.Debug|Any CPU.Build.0 = Debug|Any CPU
		{2BB23F4B-68CF-417D-97CB-01CB14FC61EC}.Release|Any CPU.ActiveCfg = Release|Any CPU
		{2BB23F4B-68CF-417D-97CB-01CB14FC61EC}.Release|Any CPU.Build.0 = Release|Any CPU
		{D330B5D2-EC61-413B-8AC2-C1DC83D8F751}.Debug|Any CPU.ActiveCfg = Debug|Any CPU
		{D330B5D2-EC61-413B-8AC2-C1DC83D8F751}.Debug|Any CPU.Build.0 = Debug|Any CPU
		{D330B5D2-EC61-413B-8AC2-C1DC83D8F751}.Release|Any CPU.ActiveCfg = Release|Any CPU
		{D330B5D2-EC61-413B-8AC2-C1DC83D8F751}.Release|Any CPU.Build.0 = Release|Any CPU
		{025EC9BD-0767-4755-8E2A-8D114A884A78}.Debug|Any CPU.ActiveCfg = Debug|Any CPU
		{025EC9BD-0767-4755-8E2A-8D114A884A78}.Debug|Any CPU.Build.0 = Debug|Any CPU
		{025EC9BD-0767-4755-8E2A-8D114A884A78}.Release|Any CPU.ActiveCfg = Release|Any CPU
		{025EC9BD-0767-4755-8E2A-8D114A884A78}.Release|Any CPU.Build.0 = Release|Any CPU
		{8F395089-5383-4EC0-A6BB-03540099DD40}.Debug|Any CPU.ActiveCfg = Debug|Any CPU
		{8F395089-5383-4EC0-A6BB-03540099DD40}.Debug|Any CPU.Build.0 = Debug|Any CPU
		{8F395089-5383-4EC0-A6BB-03540099DD40}.Release|Any CPU.ActiveCfg = Release|Any CPU
		{8F395089-5383-4EC0-A6BB-03540099DD40}.Release|Any CPU.Build.0 = Release|Any CPU
	EndGlobalSection
	GlobalSection(SolutionProperties) = preSolution
		HideSolutionNode = FALSE
	EndGlobalSection
	GlobalSection(NestedProjects) = preSolution
		{2BB23F4B-68CF-417D-97CB-01CB14FC61EC} = {D368F841-FE36-4A7F-BD66-8B655EC29392}
		{D330B5D2-EC61-413B-8AC2-C1DC83D8F751} = {D368F841-FE36-4A7F-BD66-8B655EC29392}
		{025EC9BD-0767-4755-8E2A-8D114A884A78} = {D368F841-FE36-4A7F-BD66-8B655EC29392}
		{8F395089-5383-4EC0-A6BB-03540099DD40} = {D368F841-FE36-4A7F-BD66-8B655EC29392}
	EndGlobalSection
	GlobalSection(ExtensibilityGlobals) = postSolution
		SolutionGuid = {117BAFD6-7714-4E7D-870B-0AEA11BDF273}
	EndGlobalSection
EndGlobal
